
Microsoft Visual Studio Solution File, Format Version 10.00
# Visual Studio 2008
Project("{CC5FD16D-436D-48AD-A40C-5A424C6E3E79}") = "CloudService4", "CloudService4\CloudService4.ccproj", "{A08BA6A4-D0BE-4F57-A05B-3BF1AAA9C0DB}"
EndProject
Project("{FAE04EC0-301F-11D3-BF4B-00C04F79EFBC}") = "WebRole1", "WebRole1\WebRole1.csproj", "{917F7FAA-3D39-4A43-932E-173AF92F5849}"
EndProject
Global
	GlobalSection(SolutionConfigurationPlatforms) = preSolution
		Debug|Any CPU = Debug|Any CPU
		Release|Any CPU = Release|Any CPU
	EndGlobalSection
	GlobalSection(ProjectConfigurationPlatforms) = postSolution
		{A08BA6A4-D0BE-4F57-A05B-3BF1AAA9C0DB}.Debug|Any CPU.ActiveCfg = Debug|Any CPU
		{A08BA6A4-D0BE-4F57-A05B-3BF1AAA9C0DB}.Debug|Any CPU.Build.0 = Debug|Any CPU
		{A08BA6A4-D0BE-4F57-A05B-3BF1AAA9C0DB}.Release|Any CPU.ActiveCfg = Release|Any CPU
		{A08BA6A4-D0BE-4F57-A05B-3BF1AAA9C0DB}.Release|Any CPU.Build.0 = Release|Any CPU
		{917F7FAA-3D39-4A43-932E-173AF92F5849}.Debug|Any CPU.ActiveCfg = Debug|Any CPU
		{917F7FAA-3D39-4A43-932E-173AF92F5849}.Debug|Any CPU.Build.0 = Debug|Any CPU
		{917F7FAA-3D39-4A43-932E-173AF92F5849}.Release|Any CPU.ActiveCfg = Release|Any CPU
		{917F7FAA-3D39-4A43-932E-173AF92F5849}.Release|Any CPU.Build.0 = Release|Any CPU
	EndGlobalSection
	GlobalSection(SolutionProperties) = preSolution
		HideSolutionNode = FALSE
	EndGlobalSection
EndGlobal
