Microsoft Visual Studio Solution File, Format Version 11.00
# Visual Studio 2010
Project("{CC5FD16D-436D-48AD-A40C-5A424C6E3E79}") = "CloudLab", "CloudLab\CloudLab.ccproj", "{A08BA6A4-D0BE-4F57-A05B-3BF1AAA9C0DB}"
EndProject
Project("{FAE04EC0-301F-11D3-BF4B-00C04F79EFBC}") = "WebRole", "WebRole\WebRole.csproj", "{917F7FAA-3D39-4A43-932E-173AF92F5849}"
EndProject
Project("{FAE04EC0-301F-11D3-BF4B-00C04F79EFBC}") = "WorkerRole", "WorkerRole\WorkerRole.csproj", "{81DE4A1A-C6C4-41EF-A977-D499216B8526}"
EndProject
Project("{FAE04EC0-301F-11D3-BF4B-00C04F79EFBC}") = "Common", "CloudLab.Common\Common.csproj", "{3EECC3AB-F8AD-4495-9976-9B08B55286B0}"
EndProject
Project("{FAE04EC0-301F-11D3-BF4B-00C04F79EFBC}") = "AspProviders", "..\AspProviders\Lib\AspProviders.csproj", "{306D2F9E-D6D0-4D96-94F1-173C60A13875}"
EndProject
Global
	GlobalSection(SolutionConfigurationPlatforms) = preSolution
		Debug|Any CPU = Debug|Any CPU
		Release|Any CPU = Release|Any CPU
	EndGlobalSection
	GlobalSection(ProjectConfigurationPlatforms) = postSolution
		{A08BA6A4-D0BE-4F57-A05B-3BF1AAA9C0DB}.Debug|Any CPU.ActiveCfg = Debug|Any CPU
		{A08BA6A4-D0BE-4F57-A05B-3BF1AAA9C0DB}.Debug|Any CPU.Build.0 = Debug|Any CPU
		{A08BA6A4-D0BE-4F57-A05B-3BF1AAA9C0DB}.Release|Any CPU.ActiveCfg = Release|Any CPU
		{A08BA6A4-D0BE-4F57-A05B-3BF1AAA9C0DB}.Release|Any CPU.Build.0 = Release|Any CPU
		{917F7FAA-3D39-4A43-932E-173AF92F5849}.Debug|Any CPU.ActiveCfg = Debug|Any CPU
		{917F7FAA-3D39-4A43-932E-173AF92F5849}.Debug|Any CPU.Build.0 = Debug|Any CPU
		{917F7FAA-3D39-4A43-932E-173AF92F5849}.Release|Any CPU.ActiveCfg = Release|Any CPU
		{917F7FAA-3D39-4A43-932E-173AF92F5849}.Release|Any CPU.Build.0 = Release|Any CPU
		{81DE4A1A-C6C4-41EF-A977-D499216B8526}.Debug|Any CPU.ActiveCfg = Debug|Any CPU
		{81DE4A1A-C6C4-41EF-A977-D499216B8526}.Debug|Any CPU.Build.0 = Debug|Any CPU
		{81DE4A1A-C6C4-41EF-A977-D499216B8526}.Release|Any CPU.ActiveCfg = Release|Any CPU
		{81DE4A1A-C6C4-41EF-A977-D499216B8526}.Release|Any CPU.Build.0 = Release|Any CPU
		{3EECC3AB-F8AD-4495-9976-9B08B55286B0}.Debug|Any CPU.ActiveCfg = Debug|Any CPU
		{3EECC3AB-F8AD-4495-9976-9B08B55286B0}.Debug|Any CPU.Build.0 = Debug|Any CPU
		{3EECC3AB-F8AD-4495-9976-9B08B55286B0}.Release|Any CPU.ActiveCfg = Release|Any CPU
		{3EECC3AB-F8AD-4495-9976-9B08B55286B0}.Release|Any CPU.Build.0 = Release|Any CPU
		{306D2F9E-D6D0-4D96-94F1-173C60A13875}.Debug|Any CPU.ActiveCfg = Debug|Any CPU
		{306D2F9E-D6D0-4D96-94F1-173C60A13875}.Debug|Any CPU.Build.0 = Debug|Any CPU
		{306D2F9E-D6D0-4D96-94F1-173C60A13875}.Release|Any CPU.ActiveCfg = Release|Any CPU
		{306D2F9E-D6D0-4D96-94F1-173C60A13875}.Release|Any CPU.Build.0 = Release|Any CPU
	EndGlobalSection
	GlobalSection(SolutionProperties) = preSolution
		HideSolutionNode = FALSE
	EndGlobalSection
EndGlobal
