
Microsoft Visual Studio Solution File, Format Version 10.00
# Visual Studio 2008
Project("{CC5FD16D-436D-48AD-A40C-5A424C6E3E79}") = "CloudWS", "CloudWS\CloudWS.ccproj", "{A0C7058D-1B4B-429A-A34C-22C1F170946B}"
EndProject
Project("{FAE04EC0-301F-11D3-BF4B-00C04F79EFBC}") = "SandwichServices", "SandwichServices\SandwichServices.csproj", "{AADB162C-0BE4-4F59-8077-1B5B9DDC034A}"
EndProject
Global
	GlobalSection(SolutionConfigurationPlatforms) = preSolution
		Debug|Any CPU = Debug|Any CPU
		Release|Any CPU = Release|Any CPU
	EndGlobalSection
	GlobalSection(ProjectConfigurationPlatforms) = postSolution
		{A0C7058D-1B4B-429A-A34C-22C1F170946B}.Debug|Any CPU.ActiveCfg = Debug|Any CPU
		{A0C7058D-1B4B-429A-A34C-22C1F170946B}.Debug|Any CPU.Build.0 = Debug|Any CPU
		{A0C7058D-1B4B-429A-A34C-22C1F170946B}.Release|Any CPU.ActiveCfg = Release|Any CPU
		{A0C7058D-1B4B-429A-A34C-22C1F170946B}.Release|Any CPU.Build.0 = Release|Any CPU
		{AADB162C-0BE4-4F59-8077-1B5B9DDC034A}.Debug|Any CPU.ActiveCfg = Debug|Any CPU
		{AADB162C-0BE4-4F59-8077-1B5B9DDC034A}.Debug|Any CPU.Build.0 = Debug|Any CPU
		{AADB162C-0BE4-4F59-8077-1B5B9DDC034A}.Release|Any CPU.ActiveCfg = Release|Any CPU
		{AADB162C-0BE4-4F59-8077-1B5B9DDC034A}.Release|Any CPU.Build.0 = Release|Any CPU
	EndGlobalSection
	GlobalSection(SolutionProperties) = preSolution
		HideSolutionNode = FALSE
	EndGlobalSection
EndGlobal
