
Microsoft Visual Studio Solution File, Format Version 10.00
# Visual Studio 2008
Project("{FAE04EC0-301F-11D3-BF4B-00C04F79EFBC}") = "CloudLab", "CloudLab.csproj", "{3A01C719-EF76-44D9-9A1A-E0F838738149}"
EndProject
Global
	GlobalSection(SolutionConfigurationPlatforms) = preSolution
		Debug|Any CPU = Debug|Any CPU
		Release|Any CPU = Release|Any CPU
	EndGlobalSection
	GlobalSection(ProjectConfigurationPlatforms) = postSolution
		{3A01C719-EF76-44D9-9A1A-E0F838738149}.Debug|Any CPU.ActiveCfg = Debug|Any CPU
		{3A01C719-EF76-44D9-9A1A-E0F838738149}.Debug|Any CPU.Build.0 = Debug|Any CPU
		{3A01C719-EF76-44D9-9A1A-E0F838738149}.Release|Any CPU.ActiveCfg = Release|Any CPU
		{3A01C719-EF76-44D9-9A1A-E0F838738149}.Release|Any CPU.Build.0 = Release|Any CPU
	EndGlobalSection
	GlobalSection(SolutionProperties) = preSolution
		HideSolutionNode = FALSE
	EndGlobalSection
EndGlobal
